
Microsoft Visual Studio Solution File, Format Version 12.00
# Visual Studio Version 17
VisualStudioVersion = 17.9.34701.34
MinimumVisualStudioVersion = 10.0.40219.1
Project("{FAE04EC0-301F-11D3-BF4B-00C04F79EFBC}") = "3. GConversion", "3. GConversion\3. GConversion.csproj", "{4A4DF721-DA75-47A3-B40E-D871A7FD9E04}"
EndProject
Global
	GlobalSection(SolutionConfigurationPlatforms) = preSolution
		Debug|Any CPU = Debug|Any CPU
		Release|Any CPU = Release|Any CPU
	EndGlobalSection
	GlobalSection(ProjectConfigurationPlatforms) = postSolution
		{4A4DF721-DA75-47A3-B40E-D871A7FD9E04}.Debug|Any CPU.ActiveCfg = Debug|Any CPU
		{4A4DF721-DA75-47A3-B40E-D871A7FD9E04}.Debug|Any CPU.Build.0 = Debug|Any CPU
		{4A4DF721-DA75-47A3-B40E-D871A7FD9E04}.Release|Any CPU.ActiveCfg = Release|Any CPU
		{4A4DF721-DA75-47A3-B40E-D871A7FD9E04}.Release|Any CPU.Build.0 = Release|Any CPU
	EndGlobalSection
	GlobalSection(SolutionProperties) = preSolution
		HideSolutionNode = FALSE
	EndGlobalSection
	GlobalSection(ExtensibilityGlobals) = postSolution
		SolutionGuid = {A9BB5A3D-F8D6-4CAA-86C5-D6AC9B81916F}
	EndGlobalSection
EndGlobal
